
Microsoft Visual Studio Solution File, Format Version 12.00
# Visual Studio Version 17
VisualStudioVersion = 17.5.33627.172
MinimumVisualStudioVersion = 10.0.40219.1
Project("{FAE04EC0-301F-11D3-BF4B-00C04F79EFBC}") = "Tyuiu.VasilevAA.Sprint2.Task0.V1", "Tyuiu.VasilevAA.Sprint2\Tyuiu.VasilevAA.Sprint2.Task0.V1.csproj", "{05906CD0-083A-4094-BA7E-079EB892B889}"
EndProject
Project("{2150E333-8FDC-42A3-9474-1A3956D46DE8}") = "Task0", "Task0", "{AC12A2B1-EF7D-4341-8CF5-B6ED97E878DD}"
EndProject
Project("{FAE04EC0-301F-11D3-BF4B-00C04F79EFBC}") = "Tyuiu.VasilevAA.Sprint2.Task0.V1.Lib", "Tyuiu.VasilevAA.Sprint2.Task0.V1.Lib\Tyuiu.VasilevAA.Sprint2.Task0.V1.Lib.csproj", "{9959FC90-C5CA-4E2F-9230-9782A7B6F632}"
EndProject
Project("{FAE04EC0-301F-11D3-BF4B-00C04F79EFBC}") = "Tyuiu.VasilevAA.Sprint2.Task0.V1.Test", "Tyuiu.VasilevAA.Sprint2.Task0.V1.Test\Tyuiu.VasilevAA.Sprint2.Task0.V1.Test.csproj", "{34A30180-FCA5-425E-8622-8D3127B88675}"
EndProject
Project("{2150E333-8FDC-42A3-9474-1A3956D46DE8}") = "Task1", "Task1", "{DA89F69C-06B3-4774-BEFA-60D68F7678EC}"
EndProject
Project("{FAE04EC0-301F-11D3-BF4B-00C04F79EFBC}") = "Tyuiu.VasilevAA.Sprint2.Task1.V1", "Tyuiu.VasilevAA.Sprint2.Task1.V1\Tyuiu.VasilevAA.Sprint2.Task1.V1.csproj", "{D71E2017-D003-46F0-B415-D7E5E15FB0B5}"
EndProject
Project("{FAE04EC0-301F-11D3-BF4B-00C04F79EFBC}") = "Tyuiu.VasilevAA.Sprint2.Task1.V1.Lib", "Tyuiu.VasilevAA.Sprint2.Task1.V1.Lib\Tyuiu.VasilevAA.Sprint2.Task1.V1.Lib.csproj", "{A478D506-C498-40B9-941B-9DB9461D8D2E}"
EndProject
Project("{FAE04EC0-301F-11D3-BF4B-00C04F79EFBC}") = "Tyuiu.VasilevAA.Sprint2.Task1.V1.Test", "Tyuiu.VasilevAA.Sprint2.Task1.V1.Test\Tyuiu.VasilevAA.Sprint2.Task1.V1.Test.csproj", "{10D70657-5765-467D-A20C-E5085BEF5A86}"
EndProject
Project("{2150E333-8FDC-42A3-9474-1A3956D46DE8}") = "Task2", "Task2", "{F53F3B53-6ACB-47FC-9494-89A5938D19F8}"
EndProject
Project("{FAE04EC0-301F-11D3-BF4B-00C04F79EFBC}") = "Tyuiu.VasilevAA.Sprint2.Task2.V1", "Tyuiu.VasilevAA.Sprint2.Task2.V1\Tyuiu.VasilevAA.Sprint2.Task2.V1.csproj", "{7D32D659-D99E-468B-A01D-E2BA0D7784F6}"
EndProject
Project("{FAE04EC0-301F-11D3-BF4B-00C04F79EFBC}") = "Tyuiu.VasilevAA.Sprint2.Task2.V1.Lib", "Tyuiu.VasilevAA.Sprint2.Task2.V1.Lib\Tyuiu.VasilevAA.Sprint2.Task2.V1.Lib.csproj", "{85E74167-3D88-44CA-8C4F-96C628EDF19E}"
EndProject
Project("{FAE04EC0-301F-11D3-BF4B-00C04F79EFBC}") = "Tyuiu.VasilevAA.Sprint2.Task2.V1.Test", "Tyuiu.VasilevAA.Sprint2.Task2.V1.Test\Tyuiu.VasilevAA.Sprint2.Task2.V1.Test.csproj", "{BBF4D9C5-3B13-44FA-A31D-E36F7E3551FA}"
EndProject
Project("{FAE04EC0-301F-11D3-BF4B-00C04F79EFBC}") = "Tyuiu.VasilevAA.Sprint2.Task2.V2", "Tyuiu.VasilevAA.Sprint2.Task2.V2\Tyuiu.VasilevAA.Sprint2.Task2.V2.csproj", "{044FF604-1DB9-45F2-BDE2-C8BE31423211}"
EndProject
Project("{FAE04EC0-301F-11D3-BF4B-00C04F79EFBC}") = "Tyuiu.VasilevAA.Sprint2.Task2.V2.Lib", "Tyuiu.VasilevAA.Sprint2.Task2.V2.Lib\Tyuiu.VasilevAA.Sprint2.Task2.V2.Lib.csproj", "{D129D808-A6B5-4398-A2CE-F287E474B241}"
EndProject
Project("{FAE04EC0-301F-11D3-BF4B-00C04F79EFBC}") = "Tyuiu.VasilevAA.Sprint2.Task2.V2.Test", "Tyuiu.VasilevAA.Sprint2.Task2.V2.Test\Tyuiu.VasilevAA.Sprint2.Task2.V2.Test.csproj", "{0932DFA6-2E82-43AC-B936-AB498880FD0F}"
EndProject
Project("{2150E333-8FDC-42A3-9474-1A3956D46DE8}") = "Task3", "Task3", "{893908D6-5EA5-4760-8F72-8FA2094A8581}"
EndProject
Project("{FAE04EC0-301F-11D3-BF4B-00C04F79EFBC}") = "Tyuiu.VasilevAA.Sprint2.Task3.V1", "Tyuiu.VasilevAA.Sprint2.Task3.V1\Tyuiu.VasilevAA.Sprint2.Task3.V1.csproj", "{B84E0FD1-CBA9-4AE9-BD3B-8AA822B9DD16}"
EndProject
Project("{FAE04EC0-301F-11D3-BF4B-00C04F79EFBC}") = "Tyuiu.VasilevAA.Sprint2.Task3.V1.Lib", "Tyuiu.VasilevAA.Sprint2.Task3.V1.Lib\Tyuiu.VasilevAA.Sprint2.Task3.V1.Lib.csproj", "{17C200C7-F723-48E5-AEF6-9834C9F9E729}"
EndProject
Project("{FAE04EC0-301F-11D3-BF4B-00C04F79EFBC}") = "Tyuiu.VasilevAA.Sprint2.Task3.V1.Test", "Tyuiu.VasilevAA.Sprint2.Task3.V1.Test\Tyuiu.VasilevAA.Sprint2.Task3.V1.Test.csproj", "{F0DED10E-9963-4A7D-8897-B8084F99AB3F}"
EndProject
Project("{FAE04EC0-301F-11D3-BF4B-00C04F79EFBC}") = "Tyuiu.VasilevAA.Sprint2.Task3.V2", "Tyuiu.VasilevAA.Sprint2.Task3.V2\Tyuiu.VasilevAA.Sprint2.Task3.V2.csproj", "{24B66F45-22F4-4FA5-B8C0-B6D454269F08}"
EndProject
Project("{FAE04EC0-301F-11D3-BF4B-00C04F79EFBC}") = "Tyuiu.VasilevAA.Sprint2.Task3.V2.Lib", "Tyuiu.VasilevAA.Sprint2.Task3.V2.Lib\Tyuiu.VasilevAA.Sprint2.Task3.V2.Lib.csproj", "{8B3002A5-D051-4B99-9A7F-1811FB9D2B4C}"
EndProject
Project("{FAE04EC0-301F-11D3-BF4B-00C04F79EFBC}") = "Tyuiu.VasilevAA.Sprint2.Task3.V2.Test", "Tyuiu.VasilevAA.Sprint2.Task3.V2.Test\Tyuiu.VasilevAA.Sprint2.Task3.V2.Test.csproj", "{13DFA7AB-9A11-4650-8E1A-7B90DD601B2C}"
EndProject
Project("{2150E333-8FDC-42A3-9474-1A3956D46DE8}") = "Task4", "Task4", "{9277BC01-6024-482E-908B-5F02BDAB7140}"
EndProject
Project("{FAE04EC0-301F-11D3-BF4B-00C04F79EFBC}") = "Tyuiu.VasilevAA.Sprint2.Task4.V1", "Tyuiu.VasilevAA.Sprint2.Task4.V1\Tyuiu.VasilevAA.Sprint2.Task4.V1.csproj", "{80CAEC79-F5B2-47CA-A39A-6B7A22A3766B}"
EndProject
Project("{FAE04EC0-301F-11D3-BF4B-00C04F79EFBC}") = "Tyuiu.VasilevAA.Sprint2.Task4.V1.Lib", "Tyuiu.VasilevAA.Sprint2.Task4.V1.Lib\Tyuiu.VasilevAA.Sprint2.Task4.V1.Lib.csproj", "{5AE5E69D-2030-464D-9A36-A50EEA3D08B9}"
EndProject
Project("{FAE04EC0-301F-11D3-BF4B-00C04F79EFBC}") = "Tyuiu.VasilevAA.Sprint2.Task4.V1.Test", "Tyuiu.VasilevAA.Sprint2.Task4.V1.Test\Tyuiu.VasilevAA.Sprint2.Task4.V1.Test.csproj", "{7D8450F7-D49C-41FF-AE8E-DC5C87A91098}"
EndProject
Project("{2150E333-8FDC-42A3-9474-1A3956D46DE8}") = "Task5", "Task5", "{4C1113E8-A5DE-4FB4-9B30-A6C0A388A149}"
EndProject
Project("{FAE04EC0-301F-11D3-BF4B-00C04F79EFBC}") = "Tyuiu.VasilevAA.Sprint2.Task5.V1", "Tyuiu.VasilevAA.Sprint2.Task5.V1\Tyuiu.VasilevAA.Sprint2.Task5.V1.csproj", "{D4FEB058-8F9A-40C5-9F25-720EF11B40B6}"
EndProject
Project("{FAE04EC0-301F-11D3-BF4B-00C04F79EFBC}") = "Tyuiu.VasilevAA.Sprint2.Task5.V1.Lib", "Tyuiu.VasilevAA.Sprint2.Task5.V1.Lib\Tyuiu.VasilevAA.Sprint2.Task5.V1.Lib.csproj", "{44FA783C-1490-4F21-B041-FDB06E5F5D9F}"
EndProject
Project("{FAE04EC0-301F-11D3-BF4B-00C04F79EFBC}") = "Tyuiu.VasilevAA.Sprint2.Task5.V1.Test", "Tyuiu.VasilevAA.Sprint2.Task5.V1.Test\Tyuiu.VasilevAA.Sprint2.Task5.V1.Test.csproj", "{131889D4-CFF1-40DA-85C7-65B1DFF34D0B}"
EndProject
Project("{2150E333-8FDC-42A3-9474-1A3956D46DE8}") = "Task6", "Task6", "{8BAC2C45-FE9C-4285-8CC4-FDDD4F0DC53A}"
EndProject
Project("{FAE04EC0-301F-11D3-BF4B-00C04F79EFBC}") = "Tyuiu.VasilevAA.Sprint2.Task6.V1", "Tyuiu.VasilevAA.Sprint2.Task6.V1\Tyuiu.VasilevAA.Sprint2.Task6.V1.csproj", "{286A057C-3FFF-4819-A642-E5D3F2A210B8}"
EndProject
Project("{FAE04EC0-301F-11D3-BF4B-00C04F79EFBC}") = "Tyuiu.VasilevAA.Sprint2.Task6.V1.Lib", "Tyuiu.VasilevAA.Sprint2.Task6.V1.Lib\Tyuiu.VasilevAA.Sprint2.Task6.V1.Lib.csproj", "{90A2FD80-48F1-465E-A8E1-01F1A1BA61F1}"
EndProject
Project("{FAE04EC0-301F-11D3-BF4B-00C04F79EFBC}") = "Tyuiu.VasilevAA.Sprint2.Task6.V1.Test", "Tyuiu.VasilevAA.Sprint2.Task6.V1.Test\Tyuiu.VasilevAA.Sprint2.Task6.V1.Test.csproj", "{278966D0-07E6-418B-B4F4-A1FD6EA48815}"
EndProject
Project("{2150E333-8FDC-42A3-9474-1A3956D46DE8}") = "Task7", "Task7", "{BE12A206-DF0A-4BCD-B221-5A34596F83E1}"
EndProject
Project("{FAE04EC0-301F-11D3-BF4B-00C04F79EFBC}") = "Tyuiu.VasilevAA.Sprint2.Task7.V1", "Tyuiu.VasilevAA.Sprint2.Task7.V1\Tyuiu.VasilevAA.Sprint2.Task7.V1.csproj", "{65FE4521-A3D1-4908-8F17-9E60EA456ABE}"
EndProject
Project("{FAE04EC0-301F-11D3-BF4B-00C04F79EFBC}") = "Tyuiu.VasilevAA.Sprint2.Task7.V1.Lib", "Tyuiu.VasilevAA.Sprint2.Task7.V1.Lib\Tyuiu.VasilevAA.Sprint2.Task7.V1.Lib.csproj", "{0679BC59-6591-436B-8E79-CD42F7FCA5C8}"
EndProject
Project("{FAE04EC0-301F-11D3-BF4B-00C04F79EFBC}") = "Tyuiu.VasilevAA.Sprint2.Task7.V1.Test", "Tyuiu.VasilevAA.Sprint2.Task7.V1.Test\Tyuiu.VasilevAA.Sprint2.Task7.V1.Test.csproj", "{6605B02A-726E-4E3E-9C6D-41396BA4E59E}"
EndProject
Global
	GlobalSection(SolutionConfigurationPlatforms) = preSolution
		Debug|Any CPU = Debug|Any CPU
		Release|Any CPU = Release|Any CPU
	EndGlobalSection
	GlobalSection(ProjectConfigurationPlatforms) = postSolution
		{05906CD0-083A-4094-BA7E-079EB892B889}.Debug|Any CPU.ActiveCfg = Debug|Any CPU
		{05906CD0-083A-4094-BA7E-079EB892B889}.Debug|Any CPU.Build.0 = Debug|Any CPU
		{05906CD0-083A-4094-BA7E-079EB892B889}.Release|Any CPU.ActiveCfg = Release|Any CPU
		{05906CD0-083A-4094-BA7E-079EB892B889}.Release|Any CPU.Build.0 = Release|Any CPU
		{9959FC90-C5CA-4E2F-9230-9782A7B6F632}.Debug|Any CPU.ActiveCfg = Debug|Any CPU
		{9959FC90-C5CA-4E2F-9230-9782A7B6F632}.Debug|Any CPU.Build.0 = Debug|Any CPU
		{9959FC90-C5CA-4E2F-9230-9782A7B6F632}.Release|Any CPU.ActiveCfg = Release|Any CPU
		{9959FC90-C5CA-4E2F-9230-9782A7B6F632}.Release|Any CPU.Build.0 = Release|Any CPU
		{34A30180-FCA5-425E-8622-8D3127B88675}.Debug|Any CPU.ActiveCfg = Debug|Any CPU
		{34A30180-FCA5-425E-8622-8D3127B88675}.Debug|Any CPU.Build.0 = Debug|Any CPU
		{34A30180-FCA5-425E-8622-8D3127B88675}.Release|Any CPU.ActiveCfg = Release|Any CPU
		{34A30180-FCA5-425E-8622-8D3127B88675}.Release|Any CPU.Build.0 = Release|Any CPU
		{D71E2017-D003-46F0-B415-D7E5E15FB0B5}.Debug|Any CPU.ActiveCfg = Debug|Any CPU
		{D71E2017-D003-46F0-B415-D7E5E15FB0B5}.Debug|Any CPU.Build.0 = Debug|Any CPU
		{D71E2017-D003-46F0-B415-D7E5E15FB0B5}.Release|Any CPU.ActiveCfg = Release|Any CPU
		{D71E2017-D003-46F0-B415-D7E5E15FB0B5}.Release|Any CPU.Build.0 = Release|Any CPU
		{A478D506-C498-40B9-941B-9DB9461D8D2E}.Debug|Any CPU.ActiveCfg = Debug|Any CPU
		{A478D506-C498-40B9-941B-9DB9461D8D2E}.Debug|Any CPU.Build.0 = Debug|Any CPU
		{A478D506-C498-40B9-941B-9DB9461D8D2E}.Release|Any CPU.ActiveCfg = Release|Any CPU
		{A478D506-C498-40B9-941B-9DB9461D8D2E}.Release|Any CPU.Build.0 = Release|Any CPU
		{10D70657-5765-467D-A20C-E5085BEF5A86}.Debug|Any CPU.ActiveCfg = Debug|Any CPU
		{10D70657-5765-467D-A20C-E5085BEF5A86}.Debug|Any CPU.Build.0 = Debug|Any CPU
		{10D70657-5765-467D-A20C-E5085BEF5A86}.Release|Any CPU.ActiveCfg = Release|Any CPU
		{10D70657-5765-467D-A20C-E5085BEF5A86}.Release|Any CPU.Build.0 = Release|Any CPU
		{7D32D659-D99E-468B-A01D-E2BA0D7784F6}.Debug|Any CPU.ActiveCfg = Debug|Any CPU
		{7D32D659-D99E-468B-A01D-E2BA0D7784F6}.Debug|Any CPU.Build.0 = Debug|Any CPU
		{7D32D659-D99E-468B-A01D-E2BA0D7784F6}.Release|Any CPU.ActiveCfg = Release|Any CPU
		{7D32D659-D99E-468B-A01D-E2BA0D7784F6}.Release|Any CPU.Build.0 = Release|Any CPU
		{85E74167-3D88-44CA-8C4F-96C628EDF19E}.Debug|Any CPU.ActiveCfg = Debug|Any CPU
		{85E74167-3D88-44CA-8C4F-96C628EDF19E}.Debug|Any CPU.Build.0 = Debug|Any CPU
		{85E74167-3D88-44CA-8C4F-96C628EDF19E}.Release|Any CPU.ActiveCfg = Release|Any CPU
		{85E74167-3D88-44CA-8C4F-96C628EDF19E}.Release|Any CPU.Build.0 = Release|Any CPU
		{BBF4D9C5-3B13-44FA-A31D-E36F7E3551FA}.Debug|Any CPU.ActiveCfg = Debug|Any CPU
		{BBF4D9C5-3B13-44FA-A31D-E36F7E3551FA}.Debug|Any CPU.Build.0 = Debug|Any CPU
		{BBF4D9C5-3B13-44FA-A31D-E36F7E3551FA}.Release|Any CPU.ActiveCfg = Release|Any CPU
		{BBF4D9C5-3B13-44FA-A31D-E36F7E3551FA}.Release|Any CPU.Build.0 = Release|Any CPU
		{044FF604-1DB9-45F2-BDE2-C8BE31423211}.Debug|Any CPU.ActiveCfg = Debug|Any CPU
		{044FF604-1DB9-45F2-BDE2-C8BE31423211}.Debug|Any CPU.Build.0 = Debug|Any CPU
		{044FF604-1DB9-45F2-BDE2-C8BE31423211}.Release|Any CPU.ActiveCfg = Release|Any CPU
		{044FF604-1DB9-45F2-BDE2-C8BE31423211}.Release|Any CPU.Build.0 = Release|Any CPU
		{D129D808-A6B5-4398-A2CE-F287E474B241}.Debug|Any CPU.ActiveCfg = Debug|Any CPU
		{D129D808-A6B5-4398-A2CE-F287E474B241}.Debug|Any CPU.Build.0 = Debug|Any CPU
		{D129D808-A6B5-4398-A2CE-F287E474B241}.Release|Any CPU.ActiveCfg = Release|Any CPU
		{D129D808-A6B5-4398-A2CE-F287E474B241}.Release|Any CPU.Build.0 = Release|Any CPU
		{0932DFA6-2E82-43AC-B936-AB498880FD0F}.Debug|Any CPU.ActiveCfg = Debug|Any CPU
		{0932DFA6-2E82-43AC-B936-AB498880FD0F}.Debug|Any CPU.Build.0 = Debug|Any CPU
		{0932DFA6-2E82-43AC-B936-AB498880FD0F}.Release|Any CPU.ActiveCfg = Release|Any CPU
		{0932DFA6-2E82-43AC-B936-AB498880FD0F}.Release|Any CPU.Build.0 = Release|Any CPU
		{B84E0FD1-CBA9-4AE9-BD3B-8AA822B9DD16}.Debug|Any CPU.ActiveCfg = Debug|Any CPU
		{B84E0FD1-CBA9-4AE9-BD3B-8AA822B9DD16}.Debug|Any CPU.Build.0 = Debug|Any CPU
		{B84E0FD1-CBA9-4AE9-BD3B-8AA822B9DD16}.Release|Any CPU.ActiveCfg = Release|Any CPU
		{B84E0FD1-CBA9-4AE9-BD3B-8AA822B9DD16}.Release|Any CPU.Build.0 = Release|Any CPU
		{17C200C7-F723-48E5-AEF6-9834C9F9E729}.Debug|Any CPU.ActiveCfg = Debug|Any CPU
		{17C200C7-F723-48E5-AEF6-9834C9F9E729}.Debug|Any CPU.Build.0 = Debug|Any CPU
		{17C200C7-F723-48E5-AEF6-9834C9F9E729}.Release|Any CPU.ActiveCfg = Release|Any CPU
		{17C200C7-F723-48E5-AEF6-9834C9F9E729}.Release|Any CPU.Build.0 = Release|Any CPU
		{F0DED10E-9963-4A7D-8897-B8084F99AB3F}.Debug|Any CPU.ActiveCfg = Debug|Any CPU
		{F0DED10E-9963-4A7D-8897-B8084F99AB3F}.Debug|Any CPU.Build.0 = Debug|Any CPU
		{F0DED10E-9963-4A7D-8897-B8084F99AB3F}.Release|Any CPU.ActiveCfg = Release|Any CPU
		{F0DED10E-9963-4A7D-8897-B8084F99AB3F}.Release|Any CPU.Build.0 = Release|Any CPU
		{24B66F45-22F4-4FA5-B8C0-B6D454269F08}.Debug|Any CPU.ActiveCfg = Debug|Any CPU
		{24B66F45-22F4-4FA5-B8C0-B6D454269F08}.Debug|Any CPU.Build.0 = Debug|Any CPU
		{24B66F45-22F4-4FA5-B8C0-B6D454269F08}.Release|Any CPU.ActiveCfg = Release|Any CPU
		{24B66F45-22F4-4FA5-B8C0-B6D454269F08}.Release|Any CPU.Build.0 = Release|Any CPU
		{8B3002A5-D051-4B99-9A7F-1811FB9D2B4C}.Debug|Any CPU.ActiveCfg = Debug|Any CPU
		{8B3002A5-D051-4B99-9A7F-1811FB9D2B4C}.Debug|Any CPU.Build.0 = Debug|Any CPU
		{8B3002A5-D051-4B99-9A7F-1811FB9D2B4C}.Release|Any CPU.ActiveCfg = Release|Any CPU
		{8B3002A5-D051-4B99-9A7F-1811FB9D2B4C}.Release|Any CPU.Build.0 = Release|Any CPU
		{13DFA7AB-9A11-4650-8E1A-7B90DD601B2C}.Debug|Any CPU.ActiveCfg = Debug|Any CPU
		{13DFA7AB-9A11-4650-8E1A-7B90DD601B2C}.Debug|Any CPU.Build.0 = Debug|Any CPU
		{13DFA7AB-9A11-4650-8E1A-7B90DD601B2C}.Release|Any CPU.ActiveCfg = Release|Any CPU
		{13DFA7AB-9A11-4650-8E1A-7B90DD601B2C}.Release|Any CPU.Build.0 = Release|Any CPU
		{80CAEC79-F5B2-47CA-A39A-6B7A22A3766B}.Debug|Any CPU.ActiveCfg = Debug|Any CPU
		{80CAEC79-F5B2-47CA-A39A-6B7A22A3766B}.Debug|Any CPU.Build.0 = Debug|Any CPU
		{80CAEC79-F5B2-47CA-A39A-6B7A22A3766B}.Release|Any CPU.ActiveCfg = Release|Any CPU
		{80CAEC79-F5B2-47CA-A39A-6B7A22A3766B}.Release|Any CPU.Build.0 = Release|Any CPU
		{5AE5E69D-2030-464D-9A36-A50EEA3D08B9}.Debug|Any CPU.ActiveCfg = Debug|Any CPU
		{5AE5E69D-2030-464D-9A36-A50EEA3D08B9}.Debug|Any CPU.Build.0 = Debug|Any CPU
		{5AE5E69D-2030-464D-9A36-A50EEA3D08B9}.Release|Any CPU.ActiveCfg = Release|Any CPU
		{5AE5E69D-2030-464D-9A36-A50EEA3D08B9}.Release|Any CPU.Build.0 = Release|Any CPU
		{7D8450F7-D49C-41FF-AE8E-DC5C87A91098}.Debug|Any CPU.ActiveCfg = Debug|Any CPU
		{7D8450F7-D49C-41FF-AE8E-DC5C87A91098}.Debug|Any CPU.Build.0 = Debug|Any CPU
		{7D8450F7-D49C-41FF-AE8E-DC5C87A91098}.Release|Any CPU.ActiveCfg = Release|Any CPU
		{7D8450F7-D49C-41FF-AE8E-DC5C87A91098}.Release|Any CPU.Build.0 = Release|Any CPU
		{D4FEB058-8F9A-40C5-9F25-720EF11B40B6}.Debug|Any CPU.ActiveCfg = Debug|Any CPU
		{D4FEB058-8F9A-40C5-9F25-720EF11B40B6}.Debug|Any CPU.Build.0 = Debug|Any CPU
		{D4FEB058-8F9A-40C5-9F25-720EF11B40B6}.Release|Any CPU.ActiveCfg = Release|Any CPU
		{D4FEB058-8F9A-40C5-9F25-720EF11B40B6}.Release|Any CPU.Build.0 = Release|Any CPU
		{44FA783C-1490-4F21-B041-FDB06E5F5D9F}.Debug|Any CPU.ActiveCfg = Debug|Any CPU
		{44FA783C-1490-4F21-B041-FDB06E5F5D9F}.Debug|Any CPU.Build.0 = Debug|Any CPU
		{44FA783C-1490-4F21-B041-FDB06E5F5D9F}.Release|Any CPU.ActiveCfg = Release|Any CPU
		{44FA783C-1490-4F21-B041-FDB06E5F5D9F}.Release|Any CPU.Build.0 = Release|Any CPU
		{131889D4-CFF1-40DA-85C7-65B1DFF34D0B}.Debug|Any CPU.ActiveCfg = Debug|Any CPU
		{131889D4-CFF1-40DA-85C7-65B1DFF34D0B}.Debug|Any CPU.Build.0 = Debug|Any CPU
		{131889D4-CFF1-40DA-85C7-65B1DFF34D0B}.Release|Any CPU.ActiveCfg = Release|Any CPU
		{131889D4-CFF1-40DA-85C7-65B1DFF34D0B}.Release|Any CPU.Build.0 = Release|Any CPU
		{286A057C-3FFF-4819-A642-E5D3F2A210B8}.Debug|Any CPU.ActiveCfg = Debug|Any CPU
		{286A057C-3FFF-4819-A642-E5D3F2A210B8}.Debug|Any CPU.Build.0 = Debug|Any CPU
		{286A057C-3FFF-4819-A642-E5D3F2A210B8}.Release|Any CPU.ActiveCfg = Release|Any CPU
		{286A057C-3FFF-4819-A642-E5D3F2A210B8}.Release|Any CPU.Build.0 = Release|Any CPU
		{90A2FD80-48F1-465E-A8E1-01F1A1BA61F1}.Debug|Any CPU.ActiveCfg = Debug|Any CPU
		{90A2FD80-48F1-465E-A8E1-01F1A1BA61F1}.Debug|Any CPU.Build.0 = Debug|Any CPU
		{90A2FD80-48F1-465E-A8E1-01F1A1BA61F1}.Release|Any CPU.ActiveCfg = Release|Any CPU
		{90A2FD80-48F1-465E-A8E1-01F1A1BA61F1}.Release|Any CPU.Build.0 = Release|Any CPU
		{278966D0-07E6-418B-B4F4-A1FD6EA48815}.Debug|Any CPU.ActiveCfg = Debug|Any CPU
		{278966D0-07E6-418B-B4F4-A1FD6EA48815}.Debug|Any CPU.Build.0 = Debug|Any CPU
		{278966D0-07E6-418B-B4F4-A1FD6EA48815}.Release|Any CPU.ActiveCfg = Release|Any CPU
		{278966D0-07E6-418B-B4F4-A1FD6EA48815}.Release|Any CPU.Build.0 = Release|Any CPU
		{65FE4521-A3D1-4908-8F17-9E60EA456ABE}.Debug|Any CPU.ActiveCfg = Debug|Any CPU
		{65FE4521-A3D1-4908-8F17-9E60EA456ABE}.Debug|Any CPU.Build.0 = Debug|Any CPU
		{65FE4521-A3D1-4908-8F17-9E60EA456ABE}.Release|Any CPU.ActiveCfg = Release|Any CPU
		{65FE4521-A3D1-4908-8F17-9E60EA456ABE}.Release|Any CPU.Build.0 = Release|Any CPU
		{0679BC59-6591-436B-8E79-CD42F7FCA5C8}.Debug|Any CPU.ActiveCfg = Debug|Any CPU
		{0679BC59-6591-436B-8E79-CD42F7FCA5C8}.Debug|Any CPU.Build.0 = Debug|Any CPU
		{0679BC59-6591-436B-8E79-CD42F7FCA5C8}.Release|Any CPU.ActiveCfg = Release|Any CPU
		{0679BC59-6591-436B-8E79-CD42F7FCA5C8}.Release|Any CPU.Build.0 = Release|Any CPU
		{6605B02A-726E-4E3E-9C6D-41396BA4E59E}.Debug|Any CPU.ActiveCfg = Debug|Any CPU
		{6605B02A-726E-4E3E-9C6D-41396BA4E59E}.Debug|Any CPU.Build.0 = Debug|Any CPU
		{6605B02A-726E-4E3E-9C6D-41396BA4E59E}.Release|Any CPU.ActiveCfg = Release|Any CPU
		{6605B02A-726E-4E3E-9C6D-41396BA4E59E}.Release|Any CPU.Build.0 = Release|Any CPU
	EndGlobalSection
	GlobalSection(SolutionProperties) = preSolution
		HideSolutionNode = FALSE
	EndGlobalSection
	GlobalSection(NestedProjects) = preSolution
		{05906CD0-083A-4094-BA7E-079EB892B889} = {AC12A2B1-EF7D-4341-8CF5-B6ED97E878DD}
		{9959FC90-C5CA-4E2F-9230-9782A7B6F632} = {AC12A2B1-EF7D-4341-8CF5-B6ED97E878DD}
		{34A30180-FCA5-425E-8622-8D3127B88675} = {AC12A2B1-EF7D-4341-8CF5-B6ED97E878DD}
		{D71E2017-D003-46F0-B415-D7E5E15FB0B5} = {DA89F69C-06B3-4774-BEFA-60D68F7678EC}
		{A478D506-C498-40B9-941B-9DB9461D8D2E} = {DA89F69C-06B3-4774-BEFA-60D68F7678EC}
		{10D70657-5765-467D-A20C-E5085BEF5A86} = {DA89F69C-06B3-4774-BEFA-60D68F7678EC}
		{7D32D659-D99E-468B-A01D-E2BA0D7784F6} = {F53F3B53-6ACB-47FC-9494-89A5938D19F8}
		{85E74167-3D88-44CA-8C4F-96C628EDF19E} = {F53F3B53-6ACB-47FC-9494-89A5938D19F8}
		{BBF4D9C5-3B13-44FA-A31D-E36F7E3551FA} = {F53F3B53-6ACB-47FC-9494-89A5938D19F8}
		{044FF604-1DB9-45F2-BDE2-C8BE31423211} = {F53F3B53-6ACB-47FC-9494-89A5938D19F8}
		{D129D808-A6B5-4398-A2CE-F287E474B241} = {F53F3B53-6ACB-47FC-9494-89A5938D19F8}
		{0932DFA6-2E82-43AC-B936-AB498880FD0F} = {F53F3B53-6ACB-47FC-9494-89A5938D19F8}
		{B84E0FD1-CBA9-4AE9-BD3B-8AA822B9DD16} = {893908D6-5EA5-4760-8F72-8FA2094A8581}
		{17C200C7-F723-48E5-AEF6-9834C9F9E729} = {893908D6-5EA5-4760-8F72-8FA2094A8581}
		{F0DED10E-9963-4A7D-8897-B8084F99AB3F} = {893908D6-5EA5-4760-8F72-8FA2094A8581}
		{24B66F45-22F4-4FA5-B8C0-B6D454269F08} = {893908D6-5EA5-4760-8F72-8FA2094A8581}
		{8B3002A5-D051-4B99-9A7F-1811FB9D2B4C} = {893908D6-5EA5-4760-8F72-8FA2094A8581}
		{13DFA7AB-9A11-4650-8E1A-7B90DD601B2C} = {893908D6-5EA5-4760-8F72-8FA2094A8581}
		{80CAEC79-F5B2-47CA-A39A-6B7A22A3766B} = {9277BC01-6024-482E-908B-5F02BDAB7140}
		{5AE5E69D-2030-464D-9A36-A50EEA3D08B9} = {9277BC01-6024-482E-908B-5F02BDAB7140}
		{7D8450F7-D49C-41FF-AE8E-DC5C87A91098} = {9277BC01-6024-482E-908B-5F02BDAB7140}
		{D4FEB058-8F9A-40C5-9F25-720EF11B40B6} = {4C1113E8-A5DE-4FB4-9B30-A6C0A388A149}
		{44FA783C-1490-4F21-B041-FDB06E5F5D9F} = {4C1113E8-A5DE-4FB4-9B30-A6C0A388A149}
		{131889D4-CFF1-40DA-85C7-65B1DFF34D0B} = {4C1113E8-A5DE-4FB4-9B30-A6C0A388A149}
		{286A057C-3FFF-4819-A642-E5D3F2A210B8} = {8BAC2C45-FE9C-4285-8CC4-FDDD4F0DC53A}
		{90A2FD80-48F1-465E-A8E1-01F1A1BA61F1} = {8BAC2C45-FE9C-4285-8CC4-FDDD4F0DC53A}
		{278966D0-07E6-418B-B4F4-A1FD6EA48815} = {8BAC2C45-FE9C-4285-8CC4-FDDD4F0DC53A}
		{65FE4521-A3D1-4908-8F17-9E60EA456ABE} = {BE12A206-DF0A-4BCD-B221-5A34596F83E1}
		{0679BC59-6591-436B-8E79-CD42F7FCA5C8} = {BE12A206-DF0A-4BCD-B221-5A34596F83E1}
		{6605B02A-726E-4E3E-9C6D-41396BA4E59E} = {BE12A206-DF0A-4BCD-B221-5A34596F83E1}
	EndGlobalSection
	GlobalSection(ExtensibilityGlobals) = postSolution
		SolutionGuid = {4E435A35-7522-4102-B083-65F3F4448D2C}
	EndGlobalSection
EndGlobal
